
Microsoft Visual Studio Solution File, Format Version 12.00
# Visual Studio 15
VisualStudioVersion = 15.0.27428.2043
MinimumVisualStudioVersion = 10.0.40219.1
Project("{F184B08F-C81C-45F6-A57F-5ABD9991F28F}") = "VidGrabber", "VidGrabber\VidGrabber.vbproj", "{52D78EE1-9A2B-4001-984F-5E5CE2EE8894}"
EndProject
Global
	GlobalSection(SolutionConfigurationPlatforms) = preSolution
		Debug|Any CPU = Debug|Any CPU
		Release|Any CPU = Release|Any CPU
	EndGlobalSection
	GlobalSection(ProjectConfigurationPlatforms) = postSolution
		{52D78EE1-9A2B-4001-984F-5E5CE2EE8894}.Debug|Any CPU.ActiveCfg = Debug|Any CPU
		{52D78EE1-9A2B-4001-984F-5E5CE2EE8894}.Debug|Any CPU.Build.0 = Debug|Any CPU
		{52D78EE1-9A2B-4001-984F-5E5CE2EE8894}.Release|Any CPU.ActiveCfg = Release|Any CPU
		{52D78EE1-9A2B-4001-984F-5E5CE2EE8894}.Release|Any CPU.Build.0 = Release|Any CPU
	EndGlobalSection
	GlobalSection(SolutionProperties) = preSolution
		HideSolutionNode = FALSE
	EndGlobalSection
	GlobalSection(ExtensibilityGlobals) = postSolution
		SolutionGuid = {02C01A21-A9D1-4F8E-B10A-95B46A65DC01}
	EndGlobalSection
EndGlobal
